<?xml version="1.0" encoding="utf-8"?>
<Project ToolsVersion="4.0" xmlns="http://schemas.microsoft.com/developer/msbuild/2003">
  <ItemGroup>
    <Filter Include="Source Files">
      <UniqueIdentifier>{4FC737F1-C7A5-4376-A066-2A32D752A2FF}</UniqueIdentifier>
      <Extensions>cpp;c;cc;cxx;def;odl;idl;hpj;bat;asm;asmx</Extensions>
    </Filter>
    <Filter Include="Header Files">
      <UniqueIdentifier>{93995380-89BD-4b04-88EB-625FBE52EBFB}</UniqueIdentifier>
      <Extensions>h;hh;hpp;hxx;hm;inl;inc;ipp;xsd</Extensions>
    </Filter>
    <Filter Include="Resource Files">
      <UniqueIdentifier>{67DA6AB6-F800-4c08-8B7A-83BB121AAD01}</UniqueIdentifier>
      <Extensions>rc;ico;cur;bmp;dlg;rc2;rct;bin;rgs;gif;jpg;jpeg;jpe;resx;tiff;tif;png;wav;mfcribbon-ms</Extensions>
    </Filter>
    <Filter Include="units">
      <UniqueIdentifier>{857ce61d-5d69-4cca-91ea-e42cd8567a32}</UniqueIdentifier>
    </Filter>
    <Filter Include="units\nfc">
      <UniqueIdentifier>{fce39199-9c45-415f-8867-9169009f778b}</UniqueIdentifier>
    </Filter>
  </ItemGroup>
  <ItemGroup>
    <ClInclude Include="..\..\..\units\macro-defs.h">
      <Filter>units</Filter>
    </ClInclude>
    <ClInclude Include="..\..\..\units\system-types.h">
      <Filter>units</Filter>
    </ClInclude>
    <ClInclude Include="version.h">
      <Filter>Header Files</Filter>
    </ClInclude>
    <ClInclude Include="..\..\..\units\compile-time\build.h">
      <Filter>units</Filter>
    </ClInclude>
    <ClInclude Include="..\..\..\units\string.h">
      <Filter>units</Filter>
    </ClInclude>
    <ClInclude Include="..\..\..\units\system-routines.h">
      <Filter>units</Filter>
    </ClInclude>
    <ClInclude Include="..\..\..\units\nfc\scard.h">
      <Filter>units\nfc</Filter>
    </ClInclude>
  </ItemGroup>
  <ItemGroup>
    <ClCompile Include="main.cpp">
      <Filter>Source Files</Filter>
    </ClCompile>
    <ClCompile Include="..\..\..\units\compile-time\build.cpp">
      <Filter>units</Filter>
    </ClCompile>
    <ClCompile Include="..\..\..\units\string.cpp">
      <Filter>units</Filter>
    </ClCompile>
    <ClCompile Include="..\..\..\units\nfc\scard.cpp">
      <Filter>units\nfc</Filter>
    </ClCompile>
  </ItemGroup>
  <ItemGroup>
    <None Include="nfc-ultralight.build-id">
      <Filter>Resource Files</Filter>
    </None>
    <None Include="..\..\..\units\nfc-ultralight.readme">
      <Filter>Resource Files</Filter>
    </None>
  </ItemGroup>
</Project>